
Microsoft Visual Studio Solution File, Format Version 12.00
# Visual Studio Version 17
VisualStudioVersion = 17.4.33205.214
MinimumVisualStudioVersion = 10.0.40219.1
Project("{8BC9CEB8-8B4A-11D0-8D11-00A0C91BC942}") = "Kol1a_22", "Kol1a_22\Kol1a_22.vcxproj", "{2B80FB9A-B64F-48CB-BEB2-8612E68BFFEE}"
EndProject
Project("{8BC9CEB8-8B4A-11D0-8D11-00A0C91BC942}") = "Kol1b_22", "Kol1b_22\Kol1b_22.vcxproj", "{CE0E06FF-53AD-4E13-ACF4-B43441930B9E}"
EndProject
Project("{8BC9CEB8-8B4A-11D0-8D11-00A0C91BC942}") = "Jun_4a_20", "Jun_4a_20\Jun_4a_20.vcxproj", "{4B0E6D99-FD34-4038-9C48-84A509786F2C}"
EndProject
Project("{8BC9CEB8-8B4A-11D0-8D11-00A0C91BC942}") = "Jun_22", "Jun_22\Jun_22.vcxproj", "{25C2B854-70FA-4C1A-A4C7-32242FEA1565}"
EndProject
Project("{8BC9CEB8-8B4A-11D0-8D11-00A0C91BC942}") = "Jun_21", "Jun_21\Jun_21.vcxproj", "{7DE0F7A9-596D-4517-A9AB-7DBCB999E32C}"
EndProject
Global
	GlobalSection(SolutionConfigurationPlatforms) = preSolution
		Debug|x64 = Debug|x64
		Debug|x86 = Debug|x86
		Release|x64 = Release|x64
		Release|x86 = Release|x86
	EndGlobalSection
	GlobalSection(ProjectConfigurationPlatforms) = postSolution
		{2B80FB9A-B64F-48CB-BEB2-8612E68BFFEE}.Debug|x64.ActiveCfg = Debug|x64
		{2B80FB9A-B64F-48CB-BEB2-8612E68BFFEE}.Debug|x64.Build.0 = Debug|x64
		{2B80FB9A-B64F-48CB-BEB2-8612E68BFFEE}.Debug|x86.ActiveCfg = Debug|Win32
		{2B80FB9A-B64F-48CB-BEB2-8612E68BFFEE}.Debug|x86.Build.0 = Debug|Win32
		{2B80FB9A-B64F-48CB-BEB2-8612E68BFFEE}.Release|x64.ActiveCfg = Release|x64
		{2B80FB9A-B64F-48CB-BEB2-8612E68BFFEE}.Release|x64.Build.0 = Release|x64
		{2B80FB9A-B64F-48CB-BEB2-8612E68BFFEE}.Release|x86.ActiveCfg = Release|Win32
		{2B80FB9A-B64F-48CB-BEB2-8612E68BFFEE}.Release|x86.Build.0 = Release|Win32
		{CE0E06FF-53AD-4E13-ACF4-B43441930B9E}.Debug|x64.ActiveCfg = Debug|x64
		{CE0E06FF-53AD-4E13-ACF4-B43441930B9E}.Debug|x64.Build.0 = Debug|x64
		{CE0E06FF-53AD-4E13-ACF4-B43441930B9E}.Debug|x86.ActiveCfg = Debug|Win32
		{CE0E06FF-53AD-4E13-ACF4-B43441930B9E}.Debug|x86.Build.0 = Debug|Win32
		{CE0E06FF-53AD-4E13-ACF4-B43441930B9E}.Release|x64.ActiveCfg = Release|x64
		{CE0E06FF-53AD-4E13-ACF4-B43441930B9E}.Release|x64.Build.0 = Release|x64
		{CE0E06FF-53AD-4E13-ACF4-B43441930B9E}.Release|x86.ActiveCfg = Release|Win32
		{CE0E06FF-53AD-4E13-ACF4-B43441930B9E}.Release|x86.Build.0 = Release|Win32
		{4B0E6D99-FD34-4038-9C48-84A509786F2C}.Debug|x64.ActiveCfg = Debug|x64
		{4B0E6D99-FD34-4038-9C48-84A509786F2C}.Debug|x64.Build.0 = Debug|x64
		{4B0E6D99-FD34-4038-9C48-84A509786F2C}.Debug|x86.ActiveCfg = Debug|Win32
		{4B0E6D99-FD34-4038-9C48-84A509786F2C}.Debug|x86.Build.0 = Debug|Win32
		{4B0E6D99-FD34-4038-9C48-84A509786F2C}.Release|x64.ActiveCfg = Release|x64
		{4B0E6D99-FD34-4038-9C48-84A509786F2C}.Release|x64.Build.0 = Release|x64
		{4B0E6D99-FD34-4038-9C48-84A509786F2C}.Release|x86.ActiveCfg = Release|Win32
		{4B0E6D99-FD34-4038-9C48-84A509786F2C}.Release|x86.Build.0 = Release|Win32
		{25C2B854-70FA-4C1A-A4C7-32242FEA1565}.Debug|x64.ActiveCfg = Debug|x64
		{25C2B854-70FA-4C1A-A4C7-32242FEA1565}.Debug|x64.Build.0 = Debug|x64
		{25C2B854-70FA-4C1A-A4C7-32242FEA1565}.Debug|x86.ActiveCfg = Debug|Win32
		{25C2B854-70FA-4C1A-A4C7-32242FEA1565}.Debug|x86.Build.0 = Debug|Win32
		{25C2B854-70FA-4C1A-A4C7-32242FEA1565}.Release|x64.ActiveCfg = Release|x64
		{25C2B854-70FA-4C1A-A4C7-32242FEA1565}.Release|x64.Build.0 = Release|x64
		{25C2B854-70FA-4C1A-A4C7-32242FEA1565}.Release|x86.ActiveCfg = Release|Win32
		{25C2B854-70FA-4C1A-A4C7-32242FEA1565}.Release|x86.Build.0 = Release|Win32
		{7DE0F7A9-596D-4517-A9AB-7DBCB999E32C}.Debug|x64.ActiveCfg = Debug|x64
		{7DE0F7A9-596D-4517-A9AB-7DBCB999E32C}.Debug|x64.Build.0 = Debug|x64
		{7DE0F7A9-596D-4517-A9AB-7DBCB999E32C}.Debug|x86.ActiveCfg = Debug|Win32
		{7DE0F7A9-596D-4517-A9AB-7DBCB999E32C}.Debug|x86.Build.0 = Debug|Win32
		{7DE0F7A9-596D-4517-A9AB-7DBCB999E32C}.Release|x64.ActiveCfg = Release|x64
		{7DE0F7A9-596D-4517-A9AB-7DBCB999E32C}.Release|x64.Build.0 = Release|x64
		{7DE0F7A9-596D-4517-A9AB-7DBCB999E32C}.Release|x86.ActiveCfg = Release|Win32
		{7DE0F7A9-596D-4517-A9AB-7DBCB999E32C}.Release|x86.Build.0 = Release|Win32
	EndGlobalSection
	GlobalSection(SolutionProperties) = preSolution
		HideSolutionNode = FALSE
	EndGlobalSection
	GlobalSection(ExtensibilityGlobals) = postSolution
		SolutionGuid = {FEA67A7A-6DA2-47AA-8930-38693C001166}
	EndGlobalSection
EndGlobal
