
Microsoft Visual Studio Solution File, Format Version 12.00
# Visual Studio Version 17
VisualStudioVersion = 17.4.33205.214
MinimumVisualStudioVersion = 10.0.40219.1
Project("{8BC9CEB8-8B4A-11D0-8D11-00A0C91BC942}") = "L04_Z02", "L04_Z02\L04_Z02.vcxproj", "{8A922D58-E86D-4F87-BE9E-7BFAB1E97AE7}"
EndProject
Global
	GlobalSection(SolutionConfigurationPlatforms) = preSolution
		Debug|x64 = Debug|x64
		Debug|x86 = Debug|x86
		Release|x64 = Release|x64
		Release|x86 = Release|x86
	EndGlobalSection
	GlobalSection(ProjectConfigurationPlatforms) = postSolution
		{8A922D58-E86D-4F87-BE9E-7BFAB1E97AE7}.Debug|x64.ActiveCfg = Debug|x64
		{8A922D58-E86D-4F87-BE9E-7BFAB1E97AE7}.Debug|x64.Build.0 = Debug|x64
		{8A922D58-E86D-4F87-BE9E-7BFAB1E97AE7}.Debug|x86.ActiveCfg = Debug|Win32
		{8A922D58-E86D-4F87-BE9E-7BFAB1E97AE7}.Debug|x86.Build.0 = Debug|Win32
		{8A922D58-E86D-4F87-BE9E-7BFAB1E97AE7}.Release|x64.ActiveCfg = Release|x64
		{8A922D58-E86D-4F87-BE9E-7BFAB1E97AE7}.Release|x64.Build.0 = Release|x64
		{8A922D58-E86D-4F87-BE9E-7BFAB1E97AE7}.Release|x86.ActiveCfg = Release|Win32
		{8A922D58-E86D-4F87-BE9E-7BFAB1E97AE7}.Release|x86.Build.0 = Release|Win32
	EndGlobalSection
	GlobalSection(SolutionProperties) = preSolution
		HideSolutionNode = FALSE
	EndGlobalSection
	GlobalSection(ExtensibilityGlobals) = postSolution
		SolutionGuid = {FE1DB08B-8B97-43F4-A1B1-90FE8172CE38}
	EndGlobalSection
EndGlobal
