
Microsoft Visual Studio Solution File, Format Version 12.00
# Visual Studio Version 17
VisualStudioVersion = 17.4.33205.214
MinimumVisualStudioVersion = 10.0.40219.1
Project("{8BC9CEB8-8B4A-11D0-8D11-00A0C91BC942}") = "Jun_22", "Jun_22\Jun_22.vcxproj", "{C9ECA763-C337-4B6D-AF08-2C11B2CC52C1}"
EndProject
Project("{8BC9CEB8-8B4A-11D0-8D11-00A0C91BC942}") = "Jun_21", "Jun_21\Jun_21.vcxproj", "{9389116F-ADDC-411B-8A96-258F4441F975}"
EndProject
Project("{8BC9CEB8-8B4A-11D0-8D11-00A0C91BC942}") = "Jan_21", "Jan_21\Jan_21.vcxproj", "{55589075-35E9-443E-9ABD-1CB7AA8DDFF9}"
EndProject
Project("{8BC9CEB8-8B4A-11D0-8D11-00A0C91BC942}") = "Jun2_21", "Jun2_21\Jun2_21.vcxproj", "{1019A1EB-5585-4ABA-BFB5-93F3EC8E7D29}"
EndProject
Global
	GlobalSection(SolutionConfigurationPlatforms) = preSolution
		Debug|x64 = Debug|x64
		Debug|x86 = Debug|x86
		Release|x64 = Release|x64
		Release|x86 = Release|x86
	EndGlobalSection
	GlobalSection(ProjectConfigurationPlatforms) = postSolution
		{C9ECA763-C337-4B6D-AF08-2C11B2CC52C1}.Debug|x64.ActiveCfg = Debug|x64
		{C9ECA763-C337-4B6D-AF08-2C11B2CC52C1}.Debug|x64.Build.0 = Debug|x64
		{C9ECA763-C337-4B6D-AF08-2C11B2CC52C1}.Debug|x86.ActiveCfg = Debug|Win32
		{C9ECA763-C337-4B6D-AF08-2C11B2CC52C1}.Debug|x86.Build.0 = Debug|Win32
		{C9ECA763-C337-4B6D-AF08-2C11B2CC52C1}.Release|x64.ActiveCfg = Release|x64
		{C9ECA763-C337-4B6D-AF08-2C11B2CC52C1}.Release|x64.Build.0 = Release|x64
		{C9ECA763-C337-4B6D-AF08-2C11B2CC52C1}.Release|x86.ActiveCfg = Release|Win32
		{C9ECA763-C337-4B6D-AF08-2C11B2CC52C1}.Release|x86.Build.0 = Release|Win32
		{9389116F-ADDC-411B-8A96-258F4441F975}.Debug|x64.ActiveCfg = Debug|x64
		{9389116F-ADDC-411B-8A96-258F4441F975}.Debug|x64.Build.0 = Debug|x64
		{9389116F-ADDC-411B-8A96-258F4441F975}.Debug|x86.ActiveCfg = Debug|Win32
		{9389116F-ADDC-411B-8A96-258F4441F975}.Debug|x86.Build.0 = Debug|Win32
		{9389116F-ADDC-411B-8A96-258F4441F975}.Release|x64.ActiveCfg = Release|x64
		{9389116F-ADDC-411B-8A96-258F4441F975}.Release|x64.Build.0 = Release|x64
		{9389116F-ADDC-411B-8A96-258F4441F975}.Release|x86.ActiveCfg = Release|Win32
		{9389116F-ADDC-411B-8A96-258F4441F975}.Release|x86.Build.0 = Release|Win32
		{55589075-35E9-443E-9ABD-1CB7AA8DDFF9}.Debug|x64.ActiveCfg = Debug|x64
		{55589075-35E9-443E-9ABD-1CB7AA8DDFF9}.Debug|x64.Build.0 = Debug|x64
		{55589075-35E9-443E-9ABD-1CB7AA8DDFF9}.Debug|x86.ActiveCfg = Debug|Win32
		{55589075-35E9-443E-9ABD-1CB7AA8DDFF9}.Debug|x86.Build.0 = Debug|Win32
		{55589075-35E9-443E-9ABD-1CB7AA8DDFF9}.Release|x64.ActiveCfg = Release|x64
		{55589075-35E9-443E-9ABD-1CB7AA8DDFF9}.Release|x64.Build.0 = Release|x64
		{55589075-35E9-443E-9ABD-1CB7AA8DDFF9}.Release|x86.ActiveCfg = Release|Win32
		{55589075-35E9-443E-9ABD-1CB7AA8DDFF9}.Release|x86.Build.0 = Release|Win32
		{1019A1EB-5585-4ABA-BFB5-93F3EC8E7D29}.Debug|x64.ActiveCfg = Debug|x64
		{1019A1EB-5585-4ABA-BFB5-93F3EC8E7D29}.Debug|x64.Build.0 = Debug|x64
		{1019A1EB-5585-4ABA-BFB5-93F3EC8E7D29}.Debug|x86.ActiveCfg = Debug|Win32
		{1019A1EB-5585-4ABA-BFB5-93F3EC8E7D29}.Debug|x86.Build.0 = Debug|Win32
		{1019A1EB-5585-4ABA-BFB5-93F3EC8E7D29}.Release|x64.ActiveCfg = Release|x64
		{1019A1EB-5585-4ABA-BFB5-93F3EC8E7D29}.Release|x64.Build.0 = Release|x64
		{1019A1EB-5585-4ABA-BFB5-93F3EC8E7D29}.Release|x86.ActiveCfg = Release|Win32
		{1019A1EB-5585-4ABA-BFB5-93F3EC8E7D29}.Release|x86.Build.0 = Release|Win32
	EndGlobalSection
	GlobalSection(SolutionProperties) = preSolution
		HideSolutionNode = FALSE
	EndGlobalSection
	GlobalSection(ExtensibilityGlobals) = postSolution
		SolutionGuid = {F6509C2C-19C8-4D89-A33A-260E14ED3399}
	EndGlobalSection
EndGlobal
